
Microsoft Visual Studio Solution File, Format Version 12.00
# Visual Studio Version 17
VisualStudioVersion = 17.13.35825.156
MinimumVisualStudioVersion = 10.0.40219.1
Project("{FAE04EC0-301F-11D3-BF4B-00C04F79EFBC}") = "Recuitment_Model", "Recuitment.Model\Recuitment_Model.csproj", "{73EFF8A4-A23C-41D7-A024-2BD6AAD43376}"
EndProject
Project("{FAE04EC0-301F-11D3-BF4B-00C04F79EFBC}") = "RecruitmentWebFE", "RecruitmentWebFE\RecruitmentWebFE.csproj", "{7145321F-BFCC-2FD3-2BA1-A121811BF61C}"
EndProject
Project("{FAE04EC0-301F-11D3-BF4B-00C04F79EFBC}") = "Recuitment_Common", "Recuitment_Common\Recuitment_Common.csproj", "{AF0251C1-D6D6-037A-1060-FD4205D1F4D0}"
EndProject
Project("{FAE04EC0-301F-11D3-BF4B-00C04F79EFBC}") = "WebAPI", "WebAPI\WebAPI.csproj", "{8D6B33C5-CEE1-20B5-A207-99CBB61F699C}"
EndProject
Project("{FAE04EC0-301F-11D3-BF4B-00C04F79EFBC}") = "Recuitment_DataAccess", "Recuitment_DataAccess\Recuitment_DataAccess.csproj", "{A3FB8F80-C9ED-0823-C5CC-7B559A978E8A}"
EndProject
Global
	GlobalSection(SolutionConfigurationPlatforms) = preSolution
		Debug|Any CPU = Debug|Any CPU
		Release|Any CPU = Release|Any CPU
	EndGlobalSection
	GlobalSection(ProjectConfigurationPlatforms) = postSolution
		{73EFF8A4-A23C-41D7-A024-2BD6AAD43376}.Debug|Any CPU.ActiveCfg = Debug|Any CPU
		{73EFF8A4-A23C-41D7-A024-2BD6AAD43376}.Debug|Any CPU.Build.0 = Debug|Any CPU
		{73EFF8A4-A23C-41D7-A024-2BD6AAD43376}.Release|Any CPU.ActiveCfg = Release|Any CPU
		{73EFF8A4-A23C-41D7-A024-2BD6AAD43376}.Release|Any CPU.Build.0 = Release|Any CPU
		{7145321F-BFCC-2FD3-2BA1-A121811BF61C}.Debug|Any CPU.ActiveCfg = Debug|Any CPU
		{7145321F-BFCC-2FD3-2BA1-A121811BF61C}.Debug|Any CPU.Build.0 = Debug|Any CPU
		{7145321F-BFCC-2FD3-2BA1-A121811BF61C}.Release|Any CPU.ActiveCfg = Release|Any CPU
		{7145321F-BFCC-2FD3-2BA1-A121811BF61C}.Release|Any CPU.Build.0 = Release|Any CPU
		{AF0251C1-D6D6-037A-1060-FD4205D1F4D0}.Debug|Any CPU.ActiveCfg = Debug|Any CPU
		{AF0251C1-D6D6-037A-1060-FD4205D1F4D0}.Debug|Any CPU.Build.0 = Debug|Any CPU
		{AF0251C1-D6D6-037A-1060-FD4205D1F4D0}.Release|Any CPU.ActiveCfg = Release|Any CPU
		{AF0251C1-D6D6-037A-1060-FD4205D1F4D0}.Release|Any CPU.Build.0 = Release|Any CPU
		{8D6B33C5-CEE1-20B5-A207-99CBB61F699C}.Debug|Any CPU.ActiveCfg = Debug|Any CPU
		{8D6B33C5-CEE1-20B5-A207-99CBB61F699C}.Debug|Any CPU.Build.0 = Debug|Any CPU
		{8D6B33C5-CEE1-20B5-A207-99CBB61F699C}.Release|Any CPU.ActiveCfg = Release|Any CPU
		{8D6B33C5-CEE1-20B5-A207-99CBB61F699C}.Release|Any CPU.Build.0 = Release|Any CPU
		{A3FB8F80-C9ED-0823-C5CC-7B559A978E8A}.Debug|Any CPU.ActiveCfg = Debug|Any CPU
		{A3FB8F80-C9ED-0823-C5CC-7B559A978E8A}.Debug|Any CPU.Build.0 = Debug|Any CPU
		{A3FB8F80-C9ED-0823-C5CC-7B559A978E8A}.Release|Any CPU.ActiveCfg = Release|Any CPU
		{A3FB8F80-C9ED-0823-C5CC-7B559A978E8A}.Release|Any CPU.Build.0 = Release|Any CPU
	EndGlobalSection
	GlobalSection(SolutionProperties) = preSolution
		HideSolutionNode = FALSE
	EndGlobalSection
	GlobalSection(ExtensibilityGlobals) = postSolution
		SolutionGuid = {CEB10A38-2C1C-4EEE-AAD5-F63C71B65BEE}
	EndGlobalSection
EndGlobal
